
Microsoft Visual Studio Solution File, Format Version 12.00
# Visual Studio Version 17
VisualStudioVersion = 17.14.36310.24 d17.14
MinimumVisualStudioVersion = 10.0.40219.1
Project("{FAE04EC0-301F-11D3-BF4B-00C04F79EFBC}") = "WhoAreYou", "WhoAreYou.csproj", "{41B9AC70-BFB5-4148-8A4C-D76A52C410C3}"
EndProject
Global
	GlobalSection(SolutionConfigurationPlatforms) = preSolution
		Debug|Any CPU = Debug|Any CPU
		Release|Any CPU = Release|Any CPU
	EndGlobalSection
	GlobalSection(ProjectConfigurationPlatforms) = postSolution
		{41B9AC70-BFB5-4148-8A4C-D76A52C410C3}.Debug|Any CPU.ActiveCfg = Debug|Any CPU
		{41B9AC70-BFB5-4148-8A4C-D76A52C410C3}.Debug|Any CPU.Build.0 = Debug|Any CPU
		{41B9AC70-BFB5-4148-8A4C-D76A52C410C3}.Release|Any CPU.ActiveCfg = Release|Any CPU
		{41B9AC70-BFB5-4148-8A4C-D76A52C410C3}.Release|Any CPU.Build.0 = Release|Any CPU
	EndGlobalSection
	GlobalSection(SolutionProperties) = preSolution
		HideSolutionNode = FALSE
	EndGlobalSection
	GlobalSection(ExtensibilityGlobals) = postSolution
		SolutionGuid = {4BB8959A-38D7-4AAC-9E40-23EA93AE1F24}
	EndGlobalSection
EndGlobal
